
Microsoft Visual Studio Solution File, Format Version 12.00
# Visual Studio Version 17
VisualStudioVersion = 17.4.33213.308
MinimumVisualStudioVersion = 10.0.40219.1
Project("{FAE04EC0-301F-11D3-BF4B-00C04F79EFBC}") = "Academico", "Academico\Academico.csproj", "{FB70E023-7C35-4796-82D4-0051BC12E5EE}"
EndProject
Global
	GlobalSection(SolutionConfigurationPlatforms) = preSolution
		Debug|Any CPU = Debug|Any CPU
		Release|Any CPU = Release|Any CPU
	EndGlobalSection
	GlobalSection(ProjectConfigurationPlatforms) = postSolution
		{FB70E023-7C35-4796-82D4-0051BC12E5EE}.Debug|Any CPU.ActiveCfg = Debug|Any CPU
		{FB70E023-7C35-4796-82D4-0051BC12E5EE}.Debug|Any CPU.Build.0 = Debug|Any CPU
		{FB70E023-7C35-4796-82D4-0051BC12E5EE}.Release|Any CPU.ActiveCfg = Release|Any CPU
		{FB70E023-7C35-4796-82D4-0051BC12E5EE}.Release|Any CPU.Build.0 = Release|Any CPU
	EndGlobalSection
	GlobalSection(SolutionProperties) = preSolution
		HideSolutionNode = FALSE
	EndGlobalSection
	GlobalSection(ExtensibilityGlobals) = postSolution
		SolutionGuid = {14CA6BD7-15CF-48B5-BEE0-5996EA0FDD4C}
	EndGlobalSection
EndGlobal
